
Microsoft Visual Studio Solution File, Format Version 12.00
# Visual Studio Version 17
VisualStudioVersion = 17.3.32728.150
MinimumVisualStudioVersion = 10.0.40219.1
Project("{2150E333-8FDC-42A3-9474-1A3956D46DE8}") = "src", "src", "{764A4C61-9BE7-4AF5-8D69-D35AB2D52F6F}"
EndProject
Project("{FAE04EC0-301F-11D3-BF4B-00C04F79EFBC}") = "Blazedis.App", "src\Blazedis.App\Blazedis.App.csproj", "{35BA459A-087D-46F9-B58F-369682CB9289}"
EndProject
Global
	GlobalSection(SolutionConfigurationPlatforms) = preSolution
		Debug|Any CPU = Debug|Any CPU
		Release|Any CPU = Release|Any CPU
	EndGlobalSection
	GlobalSection(ProjectConfigurationPlatforms) = postSolution
		{35BA459A-087D-46F9-B58F-369682CB9289}.Debug|Any CPU.ActiveCfg = Debug|Any CPU
		{35BA459A-087D-46F9-B58F-369682CB9289}.Debug|Any CPU.Build.0 = Debug|Any CPU
		{35BA459A-087D-46F9-B58F-369682CB9289}.Debug|Any CPU.Deploy.0 = Debug|Any CPU
		{35BA459A-087D-46F9-B58F-369682CB9289}.Release|Any CPU.ActiveCfg = Release|Any CPU
		{35BA459A-087D-46F9-B58F-369682CB9289}.Release|Any CPU.Build.0 = Release|Any CPU
		{35BA459A-087D-46F9-B58F-369682CB9289}.Release|Any CPU.Deploy.0 = Release|Any CPU
	EndGlobalSection
	GlobalSection(SolutionProperties) = preSolution
		HideSolutionNode = FALSE
	EndGlobalSection
	GlobalSection(NestedProjects) = preSolution
		{35BA459A-087D-46F9-B58F-369682CB9289} = {764A4C61-9BE7-4AF5-8D69-D35AB2D52F6F}
	EndGlobalSection
	GlobalSection(ExtensibilityGlobals) = postSolution
		SolutionGuid = {EF3AAB70-C6DA-40FC-BACA-5E8C0D474BFA}
	EndGlobalSection
EndGlobal
